# THIS IS AN AUTOGENERATED FILE. DO NOT EDIT THIS FILE DIRECTLY.
# yarn lockfile v1


"@types/web-bluetooth@^0.0.16":
  version "0.0.16"
  resolved "https://registry.yarnpkg.com/@types/web-bluetooth/-/web-bluetooth-0.0.16.tgz#1d12873a8e49567371f2a75fe3e7f7edca6662d8"
  integrity sha512-oh8q2Zc32S6gd/j50GowEjKLoOVOwHP/bWVjKJInBwQqdOYMdPrf1oVlelTlyfFK3CKxL1uahMDAr+vy8T7yMQ==

"@vueuse/components@^9.13.0":
  version "9.13.0"
  resolved "https://registry.yarnpkg.com/@vueuse/components/-/components-9.13.0.tgz#ff909e5abdedc4123a3001c8ce88d6230b1bb5d9"
  integrity sha512-UJ8PjQ4SGb2rsVIy9vhEc6aCu+3+2cc+xEfGNX8/M1NKIuL2Vo6c2Kc2fYFaRzWZkP8HWXu+IcwvnAzL44IEFA==
  dependencies:
    "@vueuse/core" "9.13.0"
    "@vueuse/shared" "9.13.0"
    vue-demi "*"

"@vueuse/core@9.13.0", "@vueuse/core@^9.13.0":
  version "9.13.0"
  resolved "https://registry.yarnpkg.com/@vueuse/core/-/core-9.13.0.tgz#2f69e66d1905c1e4eebc249a01759cf88ea00cf4"
  integrity sha512-pujnclbeHWxxPRqXWmdkKV5OX4Wk4YeK7wusHqRwU0Q7EFusHoqNA/aPhB6KCh9hEqJkLAJo7bb0Lh9b+OIVzw==
  dependencies:
    "@types/web-bluetooth" "^0.0.16"
    "@vueuse/metadata" "9.13.0"
    "@vueuse/shared" "9.13.0"
    vue-demi "*"

"@vueuse/metadata@9.13.0":
  version "9.13.0"
  resolved "https://registry.yarnpkg.com/@vueuse/metadata/-/metadata-9.13.0.tgz#bc25a6cdad1b1a93c36ce30191124da6520539ff"
  integrity sha512-gdU7TKNAUVlXXLbaF+ZCfte8BjRJQWPCa2J55+7/h+yDtzw3vOoGQDRXzI6pyKyo6bXFT5/QoPE4hAknExjRLQ==

"@vueuse/shared@9.13.0":
  version "9.13.0"
  resolved "https://registry.yarnpkg.com/@vueuse/shared/-/shared-9.13.0.tgz#089ff4cc4e2e7a4015e57a8f32e4b39d096353b9"
  integrity sha512-UrnhU+Cnufu4S6JLCPZnkWh0WwZGUp72ktOF2DFptMlOs3TOdVv8xJN53zhHGARmVOsz5KqOls09+J1NR6sBKw==
  dependencies:
    vue-demi "*"

gsap@^3.11.5:
  version "3.11.5"
  resolved "https://registry.yarnpkg.com/gsap/-/gsap-3.11.5.tgz#97ef65091f43868be387803f9db277e8cd5bd041"
  integrity sha512-Q89nKCLgoX5xUjznh9LcaIUkz54k1voNucT1Rpf9SJNFIQznBwFqt5qUUQbeVInFyN/n18OUJkpeI6CNEDt74w==

vue-demi@*:
  version "0.13.11"
  resolved "https://registry.yarnpkg.com/vue-demi/-/vue-demi-0.13.11.tgz#7d90369bdae8974d87b1973564ad390182410d99"
  integrity sha512-IR8HoEEGM65YY3ZJYAjMlKygDQn25D5ajNFNoKh9RSDMQtlzCxtfQjdQgv9jjK+m3377SsJXY8ysq8kLCZL25A==
